
Microsoft Visual Studio Solution File, Format Version 12.00
# Visual Studio Version 17
VisualStudioVersion = 17.14.36915.13 d17.14
MinimumVisualStudioVersion = 10.0.40219.1
Project("{FAE04EC0-301F-11D3-BF4B-00C04F79EFBC}") = "QUESTION 3_Warehouse Inventory System", "QUESTION 3_Warehouse Inventory System\QUESTION 3_Warehouse Inventory System.csproj", "{4457D110-9EC9-47E3-9DDE-75F8F9FE9262}"
EndProject
Global
	GlobalSection(SolutionConfigurationPlatforms) = preSolution
		Debug|Any CPU = Debug|Any CPU
		Release|Any CPU = Release|Any CPU
	EndGlobalSection
	GlobalSection(ProjectConfigurationPlatforms) = postSolution
		{4457D110-9EC9-47E3-9DDE-75F8F9FE9262}.Debug|Any CPU.ActiveCfg = Debug|Any CPU
		{4457D110-9EC9-47E3-9DDE-75F8F9FE9262}.Debug|Any CPU.Build.0 = Debug|Any CPU
		{4457D110-9EC9-47E3-9DDE-75F8F9FE9262}.Release|Any CPU.ActiveCfg = Release|Any CPU
		{4457D110-9EC9-47E3-9DDE-75F8F9FE9262}.Release|Any CPU.Build.0 = Release|Any CPU
	EndGlobalSection
	GlobalSection(SolutionProperties) = preSolution
		HideSolutionNode = FALSE
	EndGlobalSection
	GlobalSection(ExtensibilityGlobals) = postSolution
		SolutionGuid = {413ADC5B-A75B-443E-AF88-D14C78461DF0}
	EndGlobalSection
EndGlobal
