
Microsoft Visual Studio Solution File, Format Version 12.00
# Visual Studio Version 17
VisualStudioVersion = 17.14.36915.13 d17.14
MinimumVisualStudioVersion = 10.0.40219.1
Project("{FAE04EC0-301F-11D3-BF4B-00C04F79EFBC}") = "QUESTION 1_Finance Management System", "QUESTION 1_Finance Management System\QUESTION 1_Finance Management System.csproj", "{869C68B4-919C-4DB5-B6E8-0F81F58DFE36}"
EndProject
Global
	GlobalSection(SolutionConfigurationPlatforms) = preSolution
		Debug|Any CPU = Debug|Any CPU
		Release|Any CPU = Release|Any CPU
	EndGlobalSection
	GlobalSection(ProjectConfigurationPlatforms) = postSolution
		{869C68B4-919C-4DB5-B6E8-0F81F58DFE36}.Debug|Any CPU.ActiveCfg = Debug|Any CPU
		{869C68B4-919C-4DB5-B6E8-0F81F58DFE36}.Debug|Any CPU.Build.0 = Debug|Any CPU
		{869C68B4-919C-4DB5-B6E8-0F81F58DFE36}.Release|Any CPU.ActiveCfg = Release|Any CPU
		{869C68B4-919C-4DB5-B6E8-0F81F58DFE36}.Release|Any CPU.Build.0 = Release|Any CPU
	EndGlobalSection
	GlobalSection(SolutionProperties) = preSolution
		HideSolutionNode = FALSE
	EndGlobalSection
	GlobalSection(ExtensibilityGlobals) = postSolution
		SolutionGuid = {2C2F0C18-C550-4C37-91EE-0200E3D28763}
	EndGlobalSection
EndGlobal
